{
  "name": "decko",
  "version": "1.2.1-esnext",
  "lockfileVersion": 1,
  "requires": true,
  "dependencies": {
    "typescript": {
      "version": "3.9.4",
      "resolved": "https://registry.npmjs.org/typescript/-/typescript-3.9.4.tgz",
      "integrity": "sha512-9OL+r0KVHqsYVH7K18IBR9hhC82YwLNlpSZfQDupGcfg8goB9p/s/9Okcy+ztnTeHR2U68xq21/igW9xpoGTgA==",
      "dev": true
    }
  }
}
